
Microsoft Visual Studio Solution File, Format Version 12.00
# Visual Studio Version 16
VisualStudioVersion = 16.0.31025.194
MinimumVisualStudioVersion = 10.0.40219.1
Project("{FAE04EC0-301F-11D3-BF4B-00C04F79EFBC}") = "GunGame", "GunGame.csproj", "{9C88C05A-32F9-4869-B10C-185DA68FA264}"
EndProject
Project("{FAE04EC0-301F-11D3-BF4B-00C04F79EFBC}") = "UnitTest", "..\UnitTest\UnitTest.csproj", "{C27042EC-EDE8-41BE-BAC5-2E376B7B74DC}"
EndProject
Global
	GlobalSection(SolutionConfigurationPlatforms) = preSolution
		Debug|Any CPU = Debug|Any CPU
		Release|Any CPU = Release|Any CPU
	EndGlobalSection
	GlobalSection(ProjectConfigurationPlatforms) = postSolution
		{9C88C05A-32F9-4869-B10C-185DA68FA264}.Debug|Any CPU.ActiveCfg = Debug|Any CPU
		{9C88C05A-32F9-4869-B10C-185DA68FA264}.Debug|Any CPU.Build.0 = Debug|Any CPU
		{9C88C05A-32F9-4869-B10C-185DA68FA264}.Release|Any CPU.ActiveCfg = Release|Any CPU
		{9C88C05A-32F9-4869-B10C-185DA68FA264}.Release|Any CPU.Build.0 = Release|Any CPU
		{C27042EC-EDE8-41BE-BAC5-2E376B7B74DC}.Debug|Any CPU.ActiveCfg = Debug|Any CPU
		{C27042EC-EDE8-41BE-BAC5-2E376B7B74DC}.Debug|Any CPU.Build.0 = Debug|Any CPU
		{C27042EC-EDE8-41BE-BAC5-2E376B7B74DC}.Release|Any CPU.ActiveCfg = Release|Any CPU
		{C27042EC-EDE8-41BE-BAC5-2E376B7B74DC}.Release|Any CPU.Build.0 = Release|Any CPU
	EndGlobalSection
	GlobalSection(SolutionProperties) = preSolution
		HideSolutionNode = FALSE
	EndGlobalSection
	GlobalSection(ExtensibilityGlobals) = postSolution
		SolutionGuid = {BCCE8CCB-0511-4A1C-BF9C-520F8218DFB4}
	EndGlobalSection
EndGlobal
